<?xml version="1.0" encoding="utf-8"?>
<Project ToolsVersion="4.0" xmlns="http://schemas.microsoft.com/developer/msbuild/2003">
  <ItemGroup>
    <Filter Include="소스 파일">
      <UniqueIdentifier>{4FC737F1-C7A5-4376-A066-2A32D752A2FF}</UniqueIdentifier>
      <Extensions>cpp;c;cc;cxx;c++;cppm;ixx;def;odl;idl;hpj;bat;asm;asmx</Extensions>
    </Filter>
    <Filter Include="헤더 파일">
      <UniqueIdentifier>{93995380-89BD-4b04-88EB-625FBE52EBFB}</UniqueIdentifier>
      <Extensions>h;hh;hpp;hxx;h++;hm;inl;inc;ipp;xsd</Extensions>
    </Filter>
    <Filter Include="리소스 파일">
      <UniqueIdentifier>{67DA6AB6-F800-4c08-8B7A-83BB121AAD01}</UniqueIdentifier>
      <Extensions>rc;ico;cur;bmp;dlg;rc2;rct;bin;rgs;gif;jpg;jpeg;jpe;resx;tiff;tif;png;wav;mfcribbon-ms</Extensions>
    </Filter>
  </ItemGroup>
  <ItemGroup>
    <ClCompile Include="15666.cpp">
      <Filter>소스 파일</Filter>
    </ClCompile>
    <ClCompile Include="7490x.cpp">
      <Filter>소스 파일</Filter>
    </ClCompile>
    <ClCompile Include="15665.cpp">
      <Filter>소스 파일</Filter>
    </ClCompile>
    <ClCompile Include="1941x.cpp">
      <Filter>소스 파일</Filter>
    </ClCompile>
    <ClCompile Include="16198.cpp">
      <Filter>소스 파일</Filter>
    </ClCompile>
    <ClCompile Include="2529.cpp">
      <Filter>소스 파일</Filter>
    </ClCompile>
    <ClCompile Include="2528.cpp">
      <Filter>소스 파일</Filter>
    </ClCompile>
    <ClCompile Include="19236x.cpp">
      <Filter>소스 파일</Filter>
    </ClCompile>
    <ClCompile Include="15664.cpp">
      <Filter>소스 파일</Filter>
    </ClCompile>
    <ClCompile Include="1697.cpp">
      <Filter>소스 파일</Filter>
    </ClCompile>
    <ClCompile Include="24479.cpp">
      <Filter>소스 파일</Filter>
    </ClCompile>
    <ClCompile Include="24480.cpp">
      <Filter>소스 파일</Filter>
    </ClCompile>
    <ClCompile Include="24444.cpp">
      <Filter>소스 파일</Filter>
    </ClCompile>
    <ClCompile Include="12445.cpp">
      <Filter>소스 파일</Filter>
    </ClCompile>
    <ClCompile Include="2178.cpp">
      <Filter>소스 파일</Filter>
    </ClCompile>
    <ClCompile Include="7562.cpp">
      <Filter>소스 파일</Filter>
    </ClCompile>
    <ClCompile Include="7569.cpp">
      <Filter>소스 파일</Filter>
    </ClCompile>
    <ClCompile Include="16928.cpp">
      <Filter>소스 파일</Filter>
    </ClCompile>
    <ClCompile Include="14502.cpp">
      <Filter>소스 파일</Filter>
    </ClCompile>
    <ClCompile Include="2583.cpp">
      <Filter>소스 파일</Filter>
    </ClCompile>
    <ClCompile Include="2644.cpp">
      <Filter>소스 파일</Filter>
    </ClCompile>
    <ClCompile Include="1520.cpp">
      <Filter>소스 파일</Filter>
    </ClCompile>
    <ClCompile Include="2636x.cpp">
      <Filter>소스 파일</Filter>
    </ClCompile>
    <ClCompile Include="11725.cpp">
      <Filter>소스 파일</Filter>
    </ClCompile>
    <ClCompile Include="1967.cpp">
      <Filter>소스 파일</Filter>
    </ClCompile>
    <ClCompile Include="9372.cpp">
      <Filter>소스 파일</Filter>
    </ClCompile>
    <ClCompile Include="3584.cpp">
      <Filter>소스 파일</Filter>
    </ClCompile>
    <ClCompile Include="15681.cpp">
      <Filter>소스 파일</Filter>
    </ClCompile>
    <ClCompile Include="9934.cpp">
      <Filter>소스 파일</Filter>
    </ClCompile>
    <ClCompile Include="1949.cpp">
      <Filter>소스 파일</Filter>
    </ClCompile>
    <ClCompile Include="11403.cpp">
      <Filter>소스 파일</Filter>
    </ClCompile>
    <ClCompile Include="1043.cpp">
      <Filter>소스 파일</Filter>
    </ClCompile>
    <ClCompile Include="5567.cpp">
      <Filter>소스 파일</Filter>
    </ClCompile>
    <ClCompile Include="16953.cpp">
      <Filter>소스 파일</Filter>
    </ClCompile>
    <ClCompile Include="1963.cpp">
      <Filter>소스 파일</Filter>
    </ClCompile>
    <ClCompile Include="1926.cpp">
      <Filter>소스 파일</Filter>
    </ClCompile>
    <ClCompile Include="1389.cpp">
      <Filter>소스 파일</Filter>
    </ClCompile>
    <ClCompile Include="1940.cpp">
      <Filter>소스 파일</Filter>
    </ClCompile>
    <ClCompile Include="2468.cpp">
      <Filter>소스 파일</Filter>
    </ClCompile>
    <ClCompile Include="1062.cpp">
      <Filter>소스 파일</Filter>
    </ClCompile>
    <ClCompile Include="1916.cpp">
      <Filter>소스 파일</Filter>
    </ClCompile>
    <ClCompile Include="12851.cpp">
      <Filter>소스 파일</Filter>
    </ClCompile>
    <ClCompile Include="17086.cpp">
      <Filter>소스 파일</Filter>
    </ClCompile>
    <ClCompile Include="17070.cpp">
      <Filter>소스 파일</Filter>
    </ClCompile>
    <ClCompile Include="5557.cpp">
      <Filter>소스 파일</Filter>
    </ClCompile>
    <ClCompile Include="1038.cpp">
      <Filter>소스 파일</Filter>
    </ClCompile>
    <ClCompile Include="2961.cpp">
      <Filter>소스 파일</Filter>
    </ClCompile>
    <ClCompile Include="19539.cpp">
      <Filter>소스 파일</Filter>
    </ClCompile>
    <ClCompile Include="2631.cpp">
      <Filter>소스 파일</Filter>
    </ClCompile>
    <ClCompile Include="11066x.cpp">
      <Filter>소스 파일</Filter>
    </ClCompile>
    <ClCompile Include="19637.cpp">
      <Filter>소스 파일</Filter>
    </ClCompile>
    <ClCompile Include="16236x.cpp">
      <Filter>소스 파일</Filter>
    </ClCompile>
    <ClCompile Include="9375.cpp">
      <Filter>소스 파일</Filter>
    </ClCompile>
    <ClCompile Include="11286.cpp">
      <Filter>소스 파일</Filter>
    </ClCompile>
    <ClCompile Include="2589.cpp">
      <Filter>소스 파일</Filter>
    </ClCompile>
    <ClCompile Include="1863.cpp">
      <Filter>소스 파일</Filter>
    </ClCompile>
    <ClCompile Include="17298.cpp">
      <Filter>소스 파일</Filter>
    </ClCompile>
    <ClCompile Include="14503.cpp">
      <Filter>소스 파일</Filter>
    </ClCompile>
    <ClCompile Include="2310.cpp">
      <Filter>소스 파일</Filter>
    </ClCompile>
    <ClCompile Include="28303x.cpp">
      <Filter>소스 파일</Filter>
    </ClCompile>
    <ClCompile Include="1051.cpp">
      <Filter>소스 파일</Filter>
    </ClCompile>
    <ClCompile Include="12865.cpp">
      <Filter>소스 파일</Filter>
    </ClCompile>
    <ClCompile Include="7570.cpp">
      <Filter>소스 파일</Filter>
    </ClCompile>
    <ClCompile Include="4811.cpp">
      <Filter>소스 파일</Filter>
    </ClCompile>
  </ItemGroup>
</Project>